dependencies:
- name: sealed-secrets
  repository: https://bitnami-labs.github.io/sealed-secrets
  version: 2.1.6
- name: stackrox-chart
  repository: https://redhat-cop.github.io/helm-charts
  version: 0.0.6
- name: gitops-operator
  repository: https://redhat-cop.github.io/helm-charts
  version: 0.4.2
digest: sha256:e07c2ad48b8431bf7f0d2c3e3fde5b12b1af964eff3c29800bae7e5dc6dbc8e0
generated: "2022-11-12T11:37:18.468187+01:00"
